# This file is automatically @generated by Cargo.
# It is not intended for manual editing.
version = 3

[[package]]
name = "generate_ip"
version = "0.1.0"
dependencies = [
 "ipnetwork",
]

[[package]]
name = "ipnetwork"
version = "0.17.0"
source = "registry+https://github.com/rust-lang/crates.io-index"
checksum = "02c3eaab3ac0ede60ffa41add21970a7df7d91772c03383aac6c2c3d53cc716b"
dependencies = [
 "serde",
]

[[package]]
name = "serde"
version = "1.0.126"
source = "registry+https://github.com/rust-lang/crates.io-index"
checksum = "ec7505abeacaec74ae4778d9d9328fe5a5d04253220a85c4ee022239fc996d03"
